
Microsoft Visual Studio Solution File, Format Version 12.00
# Visual Studio 15
VisualStudioVersion = 15.0.28010.2026
MinimumVisualStudioVersion = 10.0.40219.1
Project("{FAE04EC0-301F-11D3-BF4B-00C04F79EFBC}") = "DVCS_Website", "DVCS_Website\DVCS_Website.csproj", "{2BCB91B9-9F86-47DA-937D-6B885F0691EF}"
EndProject
Global
	GlobalSection(SolutionConfigurationPlatforms) = preSolution
		Debug|Any CPU = Debug|Any CPU
		Release|Any CPU = Release|Any CPU
	EndGlobalSection
	GlobalSection(ProjectConfigurationPlatforms) = postSolution
		{2BCB91B9-9F86-47DA-937D-6B885F0691EF}.Debug|Any CPU.ActiveCfg = Debug|Any CPU
		{2BCB91B9-9F86-47DA-937D-6B885F0691EF}.Debug|Any CPU.Build.0 = Debug|Any CPU
		{2BCB91B9-9F86-47DA-937D-6B885F0691EF}.Release|Any CPU.ActiveCfg = Release|Any CPU
		{2BCB91B9-9F86-47DA-937D-6B885F0691EF}.Release|Any CPU.Build.0 = Release|Any CPU
	EndGlobalSection
	GlobalSection(SolutionProperties) = preSolution
		HideSolutionNode = FALSE
	EndGlobalSection
	GlobalSection(ExtensibilityGlobals) = postSolution
		SolutionGuid = {1EC3D4A9-FAF7-424E-8B81-2CC306D936D2}
	EndGlobalSection
EndGlobal
